
Microsoft Visual Studio Solution File, Format Version 12.00
# Visual Studio Version 17
VisualStudioVersion = 17.9.34728.123
MinimumVisualStudioVersion = 10.0.40219.1
Project("{FAE04EC0-301F-11D3-BF4B-00C04F79EFBC}") = "SqlClientBugRepro2251.Android", "SqlClientBugRepro2251\SqlClientBugRepro2251.Android\SqlClientBugRepro2251.Android.csproj", "{4BC0CF16-19DD-4D51-8095-3DAD2F40942B}"
EndProject
Project("{FAE04EC0-301F-11D3-BF4B-00C04F79EFBC}") = "SqlClientBugRepro2251", "SqlClientBugRepro2251\SqlClientBugRepro2251\SqlClientBugRepro2251.csproj", "{48061489-EEF0-4BBE-A781-98028086FEF8}"
EndProject
Project("{FAE04EC0-301F-11D3-BF4B-00C04F79EFBC}") = "Workers.Abstractions", "Workers.Abstractions\Workers.Abstractions.csproj", "{DEE482B8-6417-44A6-948A-76DFBD19AE52}"
EndProject
Project("{FAE04EC0-301F-11D3-BF4B-00C04F79EFBC}") = "Workers.SqlClient", "Workers.SqlClient\Workers.SqlClient.csproj", "{6D07EB4B-065E-457E-A195-0E5820067BB8}"
EndProject
Project("{9A19103F-16F7-4668-BE54-9A1E7A4F7556}") = "Workers.SqlClientNewer", "Workers.SqlClientNewer\Workers.SqlClientNewer.csproj", "{2E1A3382-2BDA-4E3A-BDC4-2D2B8AFF0A18}"
EndProject
Global
	GlobalSection(SolutionConfigurationPlatforms) = preSolution
		Debug|Any CPU = Debug|Any CPU
		Release|Any CPU = Release|Any CPU
	EndGlobalSection
	GlobalSection(ProjectConfigurationPlatforms) = postSolution
		{4BC0CF16-19DD-4D51-8095-3DAD2F40942B}.Debug|Any CPU.ActiveCfg = Debug|Any CPU
		{4BC0CF16-19DD-4D51-8095-3DAD2F40942B}.Debug|Any CPU.Build.0 = Debug|Any CPU
		{4BC0CF16-19DD-4D51-8095-3DAD2F40942B}.Debug|Any CPU.Deploy.0 = Debug|Any CPU
		{4BC0CF16-19DD-4D51-8095-3DAD2F40942B}.Release|Any CPU.ActiveCfg = Release|Any CPU
		{4BC0CF16-19DD-4D51-8095-3DAD2F40942B}.Release|Any CPU.Build.0 = Release|Any CPU
		{4BC0CF16-19DD-4D51-8095-3DAD2F40942B}.Release|Any CPU.Deploy.0 = Release|Any CPU
		{48061489-EEF0-4BBE-A781-98028086FEF8}.Debug|Any CPU.ActiveCfg = Debug|Any CPU
		{48061489-EEF0-4BBE-A781-98028086FEF8}.Debug|Any CPU.Build.0 = Debug|Any CPU
		{48061489-EEF0-4BBE-A781-98028086FEF8}.Debug|Any CPU.Deploy.0 = Debug|Any CPU
		{48061489-EEF0-4BBE-A781-98028086FEF8}.Release|Any CPU.ActiveCfg = Release|Any CPU
		{48061489-EEF0-4BBE-A781-98028086FEF8}.Release|Any CPU.Build.0 = Release|Any CPU
		{48061489-EEF0-4BBE-A781-98028086FEF8}.Release|Any CPU.Deploy.0 = Release|Any CPU
		{DEE482B8-6417-44A6-948A-76DFBD19AE52}.Debug|Any CPU.ActiveCfg = Debug|Any CPU
		{DEE482B8-6417-44A6-948A-76DFBD19AE52}.Debug|Any CPU.Build.0 = Debug|Any CPU
		{DEE482B8-6417-44A6-948A-76DFBD19AE52}.Release|Any CPU.ActiveCfg = Release|Any CPU
		{DEE482B8-6417-44A6-948A-76DFBD19AE52}.Release|Any CPU.Build.0 = Release|Any CPU
		{6D07EB4B-065E-457E-A195-0E5820067BB8}.Debug|Any CPU.ActiveCfg = Debug|Any CPU
		{6D07EB4B-065E-457E-A195-0E5820067BB8}.Debug|Any CPU.Build.0 = Debug|Any CPU
		{6D07EB4B-065E-457E-A195-0E5820067BB8}.Release|Any CPU.ActiveCfg = Release|Any CPU
		{6D07EB4B-065E-457E-A195-0E5820067BB8}.Release|Any CPU.Build.0 = Release|Any CPU
		{2E1A3382-2BDA-4E3A-BDC4-2D2B8AFF0A18}.Debug|Any CPU.ActiveCfg = Debug|Any CPU
		{2E1A3382-2BDA-4E3A-BDC4-2D2B8AFF0A18}.Debug|Any CPU.Build.0 = Debug|Any CPU
		{2E1A3382-2BDA-4E3A-BDC4-2D2B8AFF0A18}.Release|Any CPU.ActiveCfg = Release|Any CPU
		{2E1A3382-2BDA-4E3A-BDC4-2D2B8AFF0A18}.Release|Any CPU.Build.0 = Release|Any CPU
	EndGlobalSection
	GlobalSection(SolutionProperties) = preSolution
		HideSolutionNode = FALSE
	EndGlobalSection
	GlobalSection(ExtensibilityGlobals) = postSolution
		SolutionGuid = {0D1980A3-3F8C-4B73-A473-CECD83158E74}
	EndGlobalSection
EndGlobal
